// !$*UTF8*$!
{
	archiveVersion = 1;
	classes = {
	};
	objectVersion = 46;
	objects = {

/* Begin PBXBuildFile section */
		7008C2CB1E9B9ED10035A47E /* Pin+CoreDataClass.swift in Sources */ = {isa = PBXBuildFile; fileRef = 7008C2C31E9B9ED10035A47E /* Pin+CoreDataClass.swift */; };
		7008C2CC1E9B9ED10035A47E /* Pin+CoreDataProperties.swift in Sources */ = {isa = PBXBuildFile; fileRef = 7008C2C41E9B9ED10035A47E /* Pin+CoreDataProperties.swift */; };
		7008C2CD1E9B9ED10035A47E /* FlickrConfigs+CoreDataClass.swift in Sources */ = {isa = PBXBuildFile; fileRef = 7008C2C51E9B9ED10035A47E /* FlickrConfigs+CoreDataClass.swift */; };
		7008C2CE1E9B9ED10035A47E /* FlickrConfigs+CoreDataProperties.swift in Sources */ = {isa = PBXBuildFile; fileRef = 7008C2C61E9B9ED10035A47E /* FlickrConfigs+CoreDataProperties.swift */; };
		7008C2CF1E9B9ED10035A47E /* MapRegion+CoreDataClass.swift in Sources */ = {isa = PBXBuildFile; fileRef = 7008C2C71E9B9ED10035A47E /* MapRegion+CoreDataClass.swift */; };
		7008C2D01E9B9ED10035A47E /* MapRegion+CoreDataProperties.swift in Sources */ = {isa = PBXBuildFile; fileRef = 7008C2C81E9B9ED10035A47E /* MapRegion+CoreDataProperties.swift */; };
		7008C2D11E9B9ED10035A47E /* Photos+CoreDataClass.swift in Sources */ = {isa = PBXBuildFile; fileRef = 7008C2C91E9B9ED10035A47E /* Photos+CoreDataClass.swift */; };
		7008C2D21E9B9ED10035A47E /* Photos+CoreDataProperties.swift in Sources */ = {isa = PBXBuildFile; fileRef = 7008C2CA1E9B9ED10035A47E /* Photos+CoreDataProperties.swift */; };
		701141FD1E9A3DF500D27754 /* AppDelegate.swift in Sources */ = {isa = PBXBuildFile; fileRef = 701141FC1E9A3DF500D27754 /* AppDelegate.swift */; };
		701142021E9A3DF500D27754 /* Main.storyboard in Resources */ = {isa = PBXBuildFile; fileRef = 701142001E9A3DF500D27754 /* Main.storyboard */; };
		701142051E9A3DF500D27754 /* Virtual_Tourist.xcdatamodeld in Sources */ = {isa = PBXBuildFile; fileRef = 701142031E9A3DF500D27754 /* Virtual_Tourist.xcdatamodeld */; };
		701142071E9A3DF500D27754 /* Assets.xcassets in Resources */ = {isa = PBXBuildFile; fileRef = 701142061E9A3DF500D27754 /* Assets.xcassets */; };
		7011420A1E9A3DF500D27754 /* LaunchScreen.storyboard in Resources */ = {isa = PBXBuildFile; fileRef = 701142081E9A3DF500D27754 /* LaunchScreen.storyboard */; };
		701142181E9A416500D27754 /* CoreDataStack.swift in Sources */ = {isa = PBXBuildFile; fileRef = 701142171E9A416500D27754 /* CoreDataStack.swift */; };
		70E3FB8A1E9DF250005CD8E6 /* MapViewController.swift in Sources */ = {isa = PBXBuildFile; fileRef = 70E3FB891E9DF250005CD8E6 /* MapViewController.swift */; };
/* End PBXBuildFile section */

/* Begin PBXFileReference section */
		7008C2C31E9B9ED10035A47E /* Pin+CoreDataClass.swift */ = {isa = PBXFileReference; fileEncoding = 4; lastKnownFileType = sourcecode.swift; path = "Pin+CoreDataClass.swift"; sourceTree = "<group>"; };
		7008C2C41E9B9ED10035A47E /* Pin+CoreDataProperties.swift */ = {isa = PBXFileReference; fileEncoding = 4; lastKnownFileType = sourcecode.swift; path = "Pin+CoreDataProperties.swift"; sourceTree = "<group>"; };
		7008C2C51E9B9ED10035A47E /* FlickrConfigs+CoreDataClass.swift */ = {isa = PBXFileReference; fileEncoding = 4; lastKnownFileType = sourcecode.swift; path = "FlickrConfigs+CoreDataClass.swift"; sourceTree = "<group>"; };
		7008C2C61E9B9ED10035A47E /* FlickrConfigs+CoreDataProperties.swift */ = {isa = PBXFileReference; fileEncoding = 4; lastKnownFileType = sourcecode.swift; path = "FlickrConfigs+CoreDataProperties.swift"; sourceTree = "<group>"; };
		7008C2C71E9B9ED10035A47E /* MapRegion+CoreDataClass.swift */ = {isa = PBXFileReference; fileEncoding = 4; lastKnownFileType = sourcecode.swift; path = "MapRegion+CoreDataClass.swift"; sourceTree = "<group>"; };
		7008C2C81E9B9ED10035A47E /* MapRegion+CoreDataProperties.swift */ = {isa = PBXFileReference; fileEncoding = 4; lastKnownFileType = sourcecode.swift; path = "MapRegion+CoreDataProperties.swift"; sourceTree = "<group>"; };
		7008C2C91E9B9ED10035A47E /* Photos+CoreDataClass.swift */ = {isa = PBXFileReference; fileEncoding = 4; lastKnownFileType = sourcecode.swift; path = "Photos+CoreDataClass.swift"; sourceTree = "<group>"; };
		7008C2CA1E9B9ED10035A47E /* Photos+CoreDataProperties.swift */ = {isa = PBXFileReference; fileEncoding = 4; lastKnownFileType = sourcecode.swift; path = "Photos+CoreDataProperties.swift"; sourceTree = "<group>"; };
		701141F91E9A3DF500D27754 /* Virtual Tourist.app */ = {isa = PBXFileReference; explicitFileType = wrapper.application; includeInIndex = 0; path = "Virtual Tourist.app"; sourceTree = BUILT_PRODUCTS_DIR; };
		701141FC1E9A3DF500D27754 /* AppDelegate.swift */ = {isa = PBXFileReference; lastKnownFileType = sourcecode.swift; path = AppDelegate.swift; sourceTree = "<group>"; };
		701142011E9A3DF500D27754 /* Base */ = {isa = PBXFileReference; lastKnownFileType = file.storyboard; name = Base; path = Base.lproj/Main.storyboard; sourceTree = "<group>"; };
		701142041E9A3DF500D27754 /* Virtual_Tourist.xcdatamodel */ = {isa = PBXFileReference; lastKnownFileType = wrapper.xcdatamodel; path = Virtual_Tourist.xcdatamodel; sourceTree = "<group>"; };
		701142061E9A3DF500D27754 /* Assets.xcassets */ = {isa = PBXFileReference; lastKnownFileType = folder.assetcatalog; path = Assets.xcassets; sourceTree = "<group>"; };
		701142091E9A3DF500D27754 /* Base */ = {isa = PBXFileReference; lastKnownFileType = file.storyboard; name = Base; path = Base.lproj/LaunchScreen.storyboard; sourceTree = "<group>"; };
		7011420B1E9A3DF500D27754 /* Info.plist */ = {isa = PBXFileReference; lastKnownFileType = text.plist.xml; path = Info.plist; sourceTree = "<group>"; };
		701142171E9A416500D27754 /* CoreDataStack.swift */ = {isa = PBXFileReference; fileEncoding = 4; lastKnownFileType = sourcecode.swift; path = CoreDataStack.swift; sourceTree = "<group>"; };
		707678541E9D14A2006C4CE4 /* Virtual_Tourist 2.xcdatamodel */ = {isa = PBXFileReference; lastKnownFileType = wrapper.xcdatamodel; path = "Virtual_Tourist 2.xcdatamodel"; sourceTree = "<group>"; };
		70E3FB891E9DF250005CD8E6 /* MapViewController.swift */ = {isa = PBXFileReference; fileEncoding = 4; lastKnownFileType = sourcecode.swift; path = MapViewController.swift; sourceTree = "<group>"; };
/* End PBXFileReference section */

/* Begin PBXFrameworksBuildPhase section */
		701141F61E9A3DF500D27754 /* Frameworks */ = {
			isa = PBXFrameworksBuildPhase;
			buildActionMask = 2147483647;
			files = (
			);
			runOnlyForDeploymentPostprocessing = 0;
		};
/* End PBXFrameworksBuildPhase section */

/* Begin PBXGroup section */
		701141F01E9A3DF500D27754 = {
			isa = PBXGroup;
			children = (
				701141FB1E9A3DF500D27754 /* Virtual Tourist */,
				701142151E9A40BF00D27754 /* Assests */,
				701142161E9A40F300D27754 /* Supporting Files */,
				701141FA1E9A3DF500D27754 /* Products */,
			);
			sourceTree = "<group>";
		};
		701141FA1E9A3DF500D27754 /* Products */ = {
			isa = PBXGroup;
			children = (
				701141F91E9A3DF500D27754 /* Virtual Tourist.app */,
			);
			name = Products;
			sourceTree = "<group>";
		};
		701141FB1E9A3DF500D27754 /* Virtual Tourist */ = {
			isa = PBXGroup;
			children = (
				701141FC1E9A3DF500D27754 /* AppDelegate.swift */,
				701142111E9A3FA100D27754 /* Models */,
				701142121E9A3FAA00D27754 /* Views */,
				701142131E9A3FB300D27754 /* Controllers */,
			);
			path = "Virtual Tourist";
			sourceTree = "<group>";
		};
		701142111E9A3FA100D27754 /* Models */ = {
			isa = PBXGroup;
			children = (
				701350391E9BFFB200E78BC5 /* CoreData */,
			);
			name = Models;
			sourceTree = "<group>";
		};
		701142121E9A3FAA00D27754 /* Views */ = {
			isa = PBXGroup;
			children = (
			);
			name = Views;
			sourceTree = "<group>";
		};
		701142131E9A3FB300D27754 /* Controllers */ = {
			isa = PBXGroup;
			children = (
				70E3FB891E9DF250005CD8E6 /* MapViewController.swift */,
			);
			name = Controllers;
			sourceTree = "<group>";
		};
		701142151E9A40BF00D27754 /* Assests */ = {
			isa = PBXGroup;
			children = (
				701142061E9A3DF500D27754 /* Assets.xcassets */,
				701142001E9A3DF500D27754 /* Main.storyboard */,
				701142081E9A3DF500D27754 /* LaunchScreen.storyboard */,
			);
			name = Assests;
			path = "Virtual Tourist";
			sourceTree = "<group>";
		};
		701142161E9A40F300D27754 /* Supporting Files */ = {
			isa = PBXGroup;
			children = (
				7011420B1E9A3DF500D27754 /* Info.plist */,
			);
			name = "Supporting Files";
			path = "Virtual Tourist";
			sourceTree = "<group>";
		};
		701350391E9BFFB200E78BC5 /* CoreData */ = {
			isa = PBXGroup;
			children = (
				701142171E9A416500D27754 /* CoreDataStack.swift */,
				701142031E9A3DF500D27754 /* Virtual_Tourist.xcdatamodeld */,
				7013503A1E9BFFC400E78BC5 /* Pin */,
				7013503D1E9BFFFE00E78BC5 /* Photos */,
				7013503C1E9BFFEF00E78BC5 /* MapRegion */,
				7013503B1E9BFFD000E78BC5 /* FlickrConfigs */,
			);
			name = CoreData;
			sourceTree = "<group>";
		};
		7013503A1E9BFFC400E78BC5 /* Pin */ = {
			isa = PBXGroup;
			children = (
				7008C2C31E9B9ED10035A47E /* Pin+CoreDataClass.swift */,
				7008C2C41E9B9ED10035A47E /* Pin+CoreDataProperties.swift */,
			);
			name = Pin;
			sourceTree = "<group>";
		};
		7013503B1E9BFFD000E78BC5 /* FlickrConfigs */ = {
			isa = PBXGroup;
			children = (
				7008C2C61E9B9ED10035A47E /* FlickrConfigs+CoreDataProperties.swift */,
				7008C2C51E9B9ED10035A47E /* FlickrConfigs+CoreDataClass.swift */,
			);
			name = FlickrConfigs;
			sourceTree = "<group>";
		};
		7013503C1E9BFFEF00E78BC5 /* MapRegion */ = {
			isa = PBXGroup;
			children = (
				7008C2C81E9B9ED10035A47E /* MapRegion+CoreDataProperties.swift */,
				7008C2C71E9B9ED10035A47E /* MapRegion+CoreDataClass.swift */,
			);
			name = MapRegion;
			sourceTree = "<group>";
		};
		7013503D1E9BFFFE00E78BC5 /* Photos */ = {
			isa = PBXGroup;
			children = (
				7008C2CA1E9B9ED10035A47E /* Photos+CoreDataProperties.swift */,
				7008C2C91E9B9ED10035A47E /* Photos+CoreDataClass.swift */,
			);
			name = Photos;
			sourceTree = "<group>";
		};
/* End PBXGroup section */

/* Begin PBXNativeTarget section */
		701141F81E9A3DF500D27754 /* Virtual Tourist */ = {
			isa = PBXNativeTarget;
			buildConfigurationList = 7011420E1E9A3DF500D27754 /* Build configuration list for PBXNativeTarget "Virtual Tourist" */;
			buildPhases = (
				701141F51E9A3DF500D27754 /* Sources */,
				701141F61E9A3DF500D27754 /* Frameworks */,
				701141F71E9A3DF500D27754 /* Resources */,
			);
			buildRules = (
			);
			dependencies = (
			);
			name = "Virtual Tourist";
			productName = "Virtual Tourist";
			productReference = 701141F91E9A3DF500D27754 /* Virtual Tourist.app */;
			productType = "com.apple.product-type.application";
		};
/* End PBXNativeTarget section */

/* Begin PBXProject section */
		701141F11E9A3DF500D27754 /* Project object */ = {
			isa = PBXProject;
			attributes = {
				LastSwiftUpdateCheck = 0820;
				LastUpgradeCheck = 0820;
				ORGANIZATIONNAME = "SimranJot Singh";
				TargetAttributes = {
					701141F81E9A3DF500D27754 = {
						CreatedOnToolsVersion = 8.2.1;
						DevelopmentTeam = 8MH4723CB5;
						ProvisioningStyle = Automatic;
					};
				};
			};
			buildConfigurationList = 701141F41E9A3DF500D27754 /* Build configuration list for PBXProject "Virtual Tourist" */;
			compatibilityVersion = "Xcode 3.2";
			developmentRegion = English;
			hasScannedForEncodings = 0;
			knownRegions = (
				en,
				Base,
			);
			mainGroup = 701141F01E9A3DF500D27754;
			productRefGroup = 701141FA1E9A3DF500D27754 /* Products */;
			projectDirPath = "";
			projectRoot = "";
			targets = (
				701141F81E9A3DF500D27754 /* Virtual Tourist */,
			);
		};
/* End PBXProject section */

/* Begin PBXResourcesBuildPhase section */
		701141F71E9A3DF500D27754 /* Resources */ = {
			isa = PBXResourcesBuildPhase;
			buildActionMask = 2147483647;
			files = (
				7011420A1E9A3DF500D27754 /* LaunchScreen.storyboard in Resources */,
				701142071E9A3DF500D27754 /* Assets.xcassets in Resources */,
				701142021E9A3DF500D27754 /* Main.storyboard in Resources */,
			);
			runOnlyForDeploymentPostprocessing = 0;
		};
/* End PBXResourcesBuildPhase section */

/* Begin PBXSourcesBuildPhase section */
		701141F51E9A3DF500D27754 /* Sources */ = {
			isa = PBXSourcesBuildPhase;
			buildActionMask = 2147483647;
			files = (
				7008C2CE1E9B9ED10035A47E /* FlickrConfigs+CoreDataProperties.swift in Sources */,
				7008C2D21E9B9ED10035A47E /* Photos+CoreDataProperties.swift in Sources */,
				7008C2CC1E9B9ED10035A47E /* Pin+CoreDataProperties.swift in Sources */,
				7008C2CB1E9B9ED10035A47E /* Pin+CoreDataClass.swift in Sources */,
				701142051E9A3DF500D27754 /* Virtual_Tourist.xcdatamodeld in Sources */,
				701141FD1E9A3DF500D27754 /* AppDelegate.swift in Sources */,
				7008C2D11E9B9ED10035A47E /* Photos+CoreDataClass.swift in Sources */,
				70E3FB8A1E9DF250005CD8E6 /* MapViewController.swift in Sources */,
				7008C2CF1E9B9ED10035A47E /* MapRegion+CoreDataClass.swift in Sources */,
				7008C2CD1E9B9ED10035A47E /* FlickrConfigs+CoreDataClass.swift in Sources */,
				7008C2D01E9B9ED10035A47E /* MapRegion+CoreDataProperties.swift in Sources */,
				701142181E9A416500D27754 /* CoreDataStack.swift in Sources */,
			);
			runOnlyForDeploymentPostprocessing = 0;
		};
/* End PBXSourcesBuildPhase section */

/* Begin PBXVariantGroup section */
		701142001E9A3DF500D27754 /* Main.storyboard */ = {
			isa = PBXVariantGroup;
			children = (
				701142011E9A3DF500D27754 /* Base */,
			);
			name = Main.storyboard;
			sourceTree = "<group>";
		};
		701142081E9A3DF500D27754 /* LaunchScreen.storyboard */ = {
			isa = PBXVariantGroup;
			children = (
				701142091E9A3DF500D27754 /* Base */,
			);
			name = LaunchScreen.storyboard;
			sourceTree = "<group>";
		};
/* End PBXVariantGroup section */

/* Begin XCBuildConfiguration section */
		7011420C1E9A3DF500D27754 /* Debug */ = {
			isa = XCBuildConfiguration;
			buildSettings = {
				ALWAYS_SEARCH_USER_PATHS = NO;
				CLANG_ANALYZER_NONNULL = YES;
				CLANG_CXX_LANGUAGE_STANDARD = "gnu++0x";
				CLANG_CXX_LIBRARY = "libc++";
				CLANG_ENABLE_MODULES = YES;
				CLANG_ENABLE_OBJC_ARC = YES;
				CLANG_WARN_BOOL_CONVERSION = YES;
				CLANG_WARN_CONSTANT_CONVERSION = YES;
				CLANG_WARN_DIRECT_OBJC_ISA_USAGE = YES_ERROR;
				CLANG_WARN_DOCUMENTATION_COMMENTS = YES;
				CLANG_WARN_EMPTY_BODY = YES;
				CLANG_WARN_ENUM_CONVERSION = YES;
				CLANG_WARN_INFINITE_RECURSION = YES;
				CLANG_WARN_INT_CONVERSION = YES;
				CLANG_WARN_OBJC_ROOT_CLASS = YES_ERROR;
				CLANG_WARN_SUSPICIOUS_MOVE = YES;
				CLANG_WARN_UNREACHABLE_CODE = YES;
				CLANG_WARN__DUPLICATE_METHOD_MATCH = YES;
				"CODE_SIGN_IDENTITY[sdk=iphoneos*]" = "iPhone Developer";
				COPY_PHASE_STRIP = NO;
				DEBUG_INFORMATION_FORMAT = dwarf;
				ENABLE_STRICT_OBJC_MSGSEND = YES;
				ENABLE_TESTABILITY = YES;
				GCC_C_LANGUAGE_STANDARD = gnu99;
				GCC_DYNAMIC_NO_PIC = NO;
				GCC_NO_COMMON_BLOCKS = YES;
				GCC_OPTIMIZATION_LEVEL = 0;
				GCC_PREPROCESSOR_DEFINITIONS = (
					"DEBUG=1",
					"$(inherited)",
				);
				GCC_WARN_64_TO_32_BIT_CONVERSION = YES;
				GCC_WARN_ABOUT_RETURN_TYPE = YES_ERROR;
				GCC_WARN_UNDECLARED_SELECTOR = YES;
				GCC_WARN_UNINITIALIZED_AUTOS = YES_AGGRESSIVE;
				GCC_WARN_UNUSED_FUNCTION = YES;
				GCC_WARN_UNUSED_VARIABLE = YES;
				IPHONEOS_DEPLOYMENT_TARGET = 10.2;
				MTL_ENABLE_DEBUG_INFO = YES;
				ONLY_ACTIVE_ARCH = YES;
				SDKROOT = iphoneos;
				SWIFT_ACTIVE_COMPILATION_CONDITIONS = DEBUG;
				SWIFT_OPTIMIZATION_LEVEL = "-Onone";
				TARGETED_DEVICE_FAMILY = "1,2";
			};
			name = Debug;
		};
		7011420D1E9A3DF500D27754 /* Release */ = {
			isa = XCBuildConfiguration;
			buildSettings = {
				ALWAYS_SEARCH_USER_PATHS = NO;
				CLANG_ANALYZER_NONNULL = YES;
				CLANG_CXX_LANGUAGE_STANDARD = "gnu++0x";
				CLANG_CXX_LIBRARY = "libc++";
				CLANG_ENABLE_MODULES = YES;
				CLANG_ENABLE_OBJC_ARC = YES;
				CLANG_WARN_BOOL_CONVERSION = YES;
				CLANG_WARN_CONSTANT_CONVERSION = YES;
				CLANG_WARN_DIRECT_OBJC_ISA_USAGE = YES_ERROR;
				CLANG_WARN_DOCUMENTATION_COMMENTS = YES;
				CLANG_WARN_EMPTY_BODY = YES;
				CLANG_WARN_ENUM_CONVERSION = YES;
				CLANG_WARN_INFINITE_RECURSION = YES;
				CLANG_WARN_INT_CONVERSION = YES;
				CLANG_WARN_OBJC_ROOT_CLASS = YES_ERROR;
				CLANG_WARN_SUSPICIOUS_MOVE = YES;
				CLANG_WARN_UNREACHABLE_CODE = YES;
				CLANG_WARN__DUPLICATE_METHOD_MATCH = YES;
				"CODE_SIGN_IDENTITY[sdk=iphoneos*]" = "iPhone Developer";
				COPY_PHASE_STRIP = NO;
				DEBUG_INFORMATION_FORMAT = "dwarf-with-dsym";
				ENABLE_NS_ASSERTIONS = NO;
				ENABLE_STRICT_OBJC_MSGSEND = YES;
				GCC_C_LANGUAGE_STANDARD = gnu99;
				GCC_NO_COMMON_BLOCKS = YES;
				GCC_WARN_64_TO_32_BIT_CONVERSION = YES;
				GCC_WARN_ABOUT_RETURN_TYPE = YES_ERROR;
				GCC_WARN_UNDECLARED_SELECTOR = YES;
				GCC_WARN_UNINITIALIZED_AUTOS = YES_AGGRESSIVE;
				GCC_WARN_UNUSED_FUNCTION = YES;
				GCC_WARN_UNUSED_VARIABLE = YES;
				IPHONEOS_DEPLOYMENT_TARGET = 10.2;
				MTL_ENABLE_DEBUG_INFO = NO;
				SDKROOT = iphoneos;
				SWIFT_OPTIMIZATION_LEVEL = "-Owholemodule";
				TARGETED_DEVICE_FAMILY = "1,2";
				VALIDATE_PRODUCT = YES;
			};
			name = Release;
		};
		7011420F1E9A3DF500D27754 /* Debug */ = {
			isa = XCBuildConfiguration;
			buildSettings = {
				ASSETCATALOG_COMPILER_APPICON_NAME = AppIcon;
				DEVELOPMENT_TEAM = 8MH4723CB5;
				INFOPLIST_FILE = "Virtual Tourist/Info.plist";
				LD_RUNPATH_SEARCH_PATHS = "$(inherited) @executable_path/Frameworks";
				PRODUCT_BUNDLE_IDENTIFIER = "iamchanandlerbong.Virtual-Tourist";
				PRODUCT_NAME = "$(TARGET_NAME)";
				SWIFT_VERSION = 3.0;
			};
			name = Debug;
		};
		701142101E9A3DF500D27754 /* Release */ = {
			isa = XCBuildConfiguration;
			buildSettings = {
				ASSETCATALOG_COMPILER_APPICON_NAME = AppIcon;
				DEVELOPMENT_TEAM = 8MH4723CB5;
				INFOPLIST_FILE = "Virtual Tourist/Info.plist";
				LD_RUNPATH_SEARCH_PATHS = "$(inherited) @executable_path/Frameworks";
				PRODUCT_BUNDLE_IDENTIFIER = "iamchanandlerbong.Virtual-Tourist";
				PRODUCT_NAME = "$(TARGET_NAME)";
				SWIFT_VERSION = 3.0;
			};
			name = Release;
		};
/* End XCBuildConfiguration section */

/* Begin XCConfigurationList section */
		701141F41E9A3DF500D27754 /* Build configuration list for PBXProject "Virtual Tourist" */ = {
			isa = XCConfigurationList;
			buildConfigurations = (
				7011420C1E9A3DF500D27754 /* Debug */,
				7011420D1E9A3DF500D27754 /* Release */,
			);
			defaultConfigurationIsVisible = 0;
			defaultConfigurationName = Release;
		};
		7011420E1E9A3DF500D27754 /* Build configuration list for PBXNativeTarget "Virtual Tourist" */ = {
			isa = XCConfigurationList;
			buildConfigurations = (
				7011420F1E9A3DF500D27754 /* Debug */,
				701142101E9A3DF500D27754 /* Release */,
			);
			defaultConfigurationIsVisible = 0;
			defaultConfigurationName = Release;
		};
/* End XCConfigurationList section */

/* Begin XCVersionGroup section */
		701142031E9A3DF500D27754 /* Virtual_Tourist.xcdatamodeld */ = {
			isa = XCVersionGroup;
			children = (
				707678541E9D14A2006C4CE4 /* Virtual_Tourist 2.xcdatamodel */,
				701142041E9A3DF500D27754 /* Virtual_Tourist.xcdatamodel */,
			);
			currentVersion = 707678541E9D14A2006C4CE4 /* Virtual_Tourist 2.xcdatamodel */;
			path = Virtual_Tourist.xcdatamodeld;
			sourceTree = "<group>";
			versionGroupType = wrapper.xcdatamodel;
		};
/* End XCVersionGroup section */
	};
	rootObject = 701141F11E9A3DF500D27754 /* Project object */;
}
